{
  "version": 4,
  "terraform_version": "1.6.2",
  "serial": 4,
  "lineage": "7beab639-58a4-bd4b-3a96-e5be556482bc",
  "outputs": {
    "remote_url": {
      "value": "https://github.com/ThanMan8/project-airflow.git",
      "type": "string"
    }
  },
  "resources": [
    {
      "mode": "managed",
      "type": "github_branch",
      "name": "main",
      "provider": "provider[\"registry.terraform.io/integrations/github\"]",
      "instances": [
        {
          "schema_version": 0,
          "attributes": {
            "branch": "main",
            "etag": "W/\"e76f276db2dd4fd2778b6e7df1de1e54ddbeda8ba6a633d076c4b355ae939057\"",
            "id": "project-airflow:main",
            "ref": "refs/heads/main",
            "repository": "project-airflow",
            "sha": "d3599f452c702b3535a74c1745ca36b24339154d",
            "source_branch": "main",
            "source_sha": "d3599f452c702b3535a74c1745ca36b24339154d"
          },
          "sensitive_attributes": [],
          "private": "bnVsbA==",
          "dependencies": [
            "github_repository.main"
          ]
        }
      ]
    },
    {
      "mode": "managed",
      "type": "github_branch_default",
      "name": "default",
      "provider": "provider[\"registry.terraform.io/integrations/github\"]",
      "instances": [
        {
          "schema_version": 0,
          "attributes": {
            "branch": "main",
            "etag": "W/\"6e02528f2e10d71af4da9131bc1fc41608271286529940e2c95b91399bbf5a82\"",
            "id": "project-airflow",
            "rename": false,
            "repository": "project-airflow"
          },
          "sensitive_attributes": [],
          "private": "bnVsbA==",
          "dependencies": [
            "github_branch.main",
            "github_repository.main"
          ]
        }
      ]
    },
    {
      "mode": "managed",
      "type": "github_repository",
      "name": "main",
      "provider": "provider[\"registry.terraform.io/integrations/github\"]",
      "instances": [
        {
          "schema_version": 1,
          "attributes": {
            "allow_auto_merge": false,
            "allow_merge_commit": true,
            "allow_rebase_merge": true,
            "allow_squash_merge": true,
            "allow_update_branch": false,
            "archive_on_destroy": null,
            "archived": false,
            "auto_init": true,
            "default_branch": "main",
            "delete_branch_on_merge": false,
            "description": "Terraform Deep Dive Repository for Globomantics Networking",
            "etag": "W/\"6e02528f2e10d71af4da9131bc1fc41608271286529940e2c95b91399bbf5a82\"",
            "full_name": "ThanMan8/project-airflow",
            "git_clone_url": "git://github.com/ThanMan8/project-airflow.git",
            "gitignore_template": "Terraform",
            "has_discussions": false,
            "has_downloads": false,
            "has_issues": false,
            "has_projects": false,
            "has_wiki": false,
            "homepage_url": "",
            "html_url": "https://github.com/ThanMan8/project-airflow",
            "http_clone_url": "https://github.com/ThanMan8/project-airflow.git",
            "id": "project-airflow",
            "ignore_vulnerability_alerts_during_read": null,
            "is_template": false,
            "license_template": null,
            "merge_commit_message": "PR_TITLE",
            "merge_commit_title": "MERGE_MESSAGE",
            "name": "project-airflow",
            "node_id": "R_kgDOL9vGGQ",
            "pages": [],
            "primary_language": "",
            "private": false,
            "repo_id": 802932249,
            "security_and_analysis": [
              {
                "advanced_security": [],
                "secret_scanning": [
                  {
                    "status": "enabled"
                  }
                ],
                "secret_scanning_push_protection": [
                  {
                    "status": "enabled"
                  }
                ]
              }
            ],
            "squash_merge_commit_message": "COMMIT_MESSAGES",
            "squash_merge_commit_title": "COMMIT_OR_PR_TITLE",
            "ssh_clone_url": "git@github.com:ThanMan8/project-airflow.git",
            "svn_url": "https://github.com/ThanMan8/project-airflow",
            "template": [],
            "topics": [],
            "visibility": "public",
            "vulnerability_alerts": false,
            "web_commit_signoff_required": false
          },
          "sensitive_attributes": [],
          "private": "eyJzY2hlbWFfdmVyc2lvbiI6IjEifQ=="
        }
      ]
    }
  ],
  "check_results": null
}
